
Microsoft Visual Studio Solution File, Format Version 12.00
# Visual Studio Version 16
VisualStudioVersion = 16.0.29509.3
MinimumVisualStudioVersion = 10.0.40219.1
Project("{2150E333-8FDC-42A3-9474-1A3956D46DE8}") = "App", "App", "{C158B969-C23A-4B3A-9FED-165981F6B00E}"
EndProject
Project("{2150E333-8FDC-42A3-9474-1A3956D46DE8}") = "Lib", "Lib", "{6F07D44B-DD74-488E-924B-821AA513BB0D}"
EndProject
Project("{2150E333-8FDC-42A3-9474-1A3956D46DE8}") = "Solution Items", "Solution Items", "{220EDC78-951C-4115-8759-D9F64B187ED8}"
	ProjectSection(SolutionItems) = preProject
		ChemChangeLog.txt = ChemChangeLog.txt
		Local.testsettings = Local.testsettings
		RIPP.vsmdi = RIPP.vsmdi
		TraceAndTestImpact.testsettings = TraceAndTestImpact.testsettings
	EndProjectSection
EndProject
Project("{2150E333-8FDC-42A3-9474-1A3956D46DE8}") = "Test", "Test", "{568C904F-97F4-48EC-B6FF-09171DFBE0DE}"
EndProject
Project("{2150E333-8FDC-42A3-9474-1A3956D46DE8}") = "Web", "Web", "{A06B8F25-6295-4F93-AAF0-2A860719C675}"
EndProject
Project("{FAE04EC0-301F-11D3-BF4B-00C04F79EFBC}") = "RIPP.Lib", "RIPP.Lib\RIPP.Lib.csproj", "{236E6743-E19D-4330-8DF0-D4A7E685349F}"
EndProject
Project("{FAE04EC0-301F-11D3-BF4B-00C04F79EFBC}") = "Numerics", "Numerics\Numerics.csproj", "{B7CAE5F4-A23F-4438-B5BE-41226618B695}"
EndProject
Project("{FAE04EC0-301F-11D3-BF4B-00C04F79EFBC}") = "RIPP.NIR", "RIPP.NIR\RIPP.NIR.csproj", "{06DB8F61-326A-42D9-86A8-7419F6B8EE0A}"
EndProject
Project("{FAE04EC0-301F-11D3-BF4B-00C04F79EFBC}") = "RIPP.OilDB", "RIPP.OilDB\RIPP.OilDB.csproj", "{AEC7556A-E997-4B1D-9EB6-3EA4251EE7C1}"
	ProjectSection(ProjectDependencies) = postProject
		{236E6743-E19D-4330-8DF0-D4A7E685349F} = {236E6743-E19D-4330-8DF0-D4A7E685349F}
		{2541686B-1673-43BF-AF89-3163945DB009} = {2541686B-1673-43BF-AF89-3163945DB009}
	EndProjectSection
EndProject
Project("{FAE04EC0-301F-11D3-BF4B-00C04F79EFBC}") = "ZedGraph", "ZedGraph\ZedGraph.csproj", "{2541686B-1673-43BF-AF89-3163945DB009}"
EndProject
Project("{FAE04EC0-301F-11D3-BF4B-00C04F79EFBC}") = "RIPP.App.Chem", "RIPP.App.Chem\RIPP.App.Chem.csproj", "{24F5EA68-3FC3-4B0B-8899-EDCC811061B2}"
	ProjectSection(ProjectDependencies) = postProject
		{2541686B-1673-43BF-AF89-3163945DB009} = {2541686B-1673-43BF-AF89-3163945DB009}
	EndProjectSection
EndProject
Project("{FAE04EC0-301F-11D3-BF4B-00C04F79EFBC}") = "RIPP.App.OilDataApp", "RIPP.App.OilDataApp\RIPP.App.OilDataApp.csproj", "{3D21F66C-3299-4DE7-BE71-8B9263E0249B}"
EndProject
Project("{FAE04EC0-301F-11D3-BF4B-00C04F79EFBC}") = "RIPP.App.OilDataManager", "RIPP.App.OilDataManager\RIPP.App.OilDataManager.csproj", "{3EB85950-E51A-4BA9-90C1-68CE273A1C8B}"
EndProject
Project("{FAE04EC0-301F-11D3-BF4B-00C04F79EFBC}") = "RIPP.App.LicenseManager", "RIPP.App.LicenseManager\RIPP.App.LicenseManager.csproj", "{B28BF270-E697-4C1E-97A1-A90594EF9D65}"
EndProject
Project("{FAE04EC0-301F-11D3-BF4B-00C04F79EFBC}") = "RIPP.App.AnalCenter", "RIPP.App.AnalCenter\RIPP.App.AnalCenter.csproj", "{CFFB1999-C90B-47C8-8F44-E6AA92DFE54C}"
EndProject
Project("{FAE04EC0-301F-11D3-BF4B-00C04F79EFBC}") = "RIPP.Web.Chem", "RIPP.Web.Chem\RIPP.Web.Chem.csproj", "{F0F93024-286B-49ED-956E-08A603AF1CB4}"
EndProject
Global
	GlobalSection(SolutionConfigurationPlatforms) = preSolution
		Debug|Any CPU = Debug|Any CPU
		Debug|Mixed Platforms = Debug|Mixed Platforms
		Debug|Win32 = Debug|Win32
		Debug|x64 = Debug|x64
		Debug|x86 = Debug|x86
		Release|Any CPU = Release|Any CPU
		Release|Mixed Platforms = Release|Mixed Platforms
		Release|Win32 = Release|Win32
		Release|x64 = Release|x64
		Release|x86 = Release|x86
	EndGlobalSection
	GlobalSection(ProjectConfigurationPlatforms) = postSolution
		{236E6743-E19D-4330-8DF0-D4A7E685349F}.Debug|Any CPU.ActiveCfg = Debug|Any CPU
		{236E6743-E19D-4330-8DF0-D4A7E685349F}.Debug|Any CPU.Build.0 = Debug|Any CPU
		{236E6743-E19D-4330-8DF0-D4A7E685349F}.Debug|Mixed Platforms.ActiveCfg = Debug|x86
		{236E6743-E19D-4330-8DF0-D4A7E685349F}.Debug|Mixed Platforms.Build.0 = Debug|x86
		{236E6743-E19D-4330-8DF0-D4A7E685349F}.Debug|Win32.ActiveCfg = Debug|Any CPU
		{236E6743-E19D-4330-8DF0-D4A7E685349F}.Debug|x64.ActiveCfg = Debug|x64
		{236E6743-E19D-4330-8DF0-D4A7E685349F}.Debug|x64.Build.0 = Debug|x64
		{236E6743-E19D-4330-8DF0-D4A7E685349F}.Debug|x86.ActiveCfg = Debug|x86
		{236E6743-E19D-4330-8DF0-D4A7E685349F}.Debug|x86.Build.0 = Debug|x86
		{236E6743-E19D-4330-8DF0-D4A7E685349F}.Release|Any CPU.ActiveCfg = Release|Any CPU
		{236E6743-E19D-4330-8DF0-D4A7E685349F}.Release|Any CPU.Build.0 = Release|Any CPU
		{236E6743-E19D-4330-8DF0-D4A7E685349F}.Release|Mixed Platforms.ActiveCfg = Release|Any CPU
		{236E6743-E19D-4330-8DF0-D4A7E685349F}.Release|Mixed Platforms.Build.0 = Release|Any CPU
		{236E6743-E19D-4330-8DF0-D4A7E685349F}.Release|Win32.ActiveCfg = Release|Any CPU
		{236E6743-E19D-4330-8DF0-D4A7E685349F}.Release|x64.ActiveCfg = Release|x64
		{236E6743-E19D-4330-8DF0-D4A7E685349F}.Release|x64.Build.0 = Release|x64
		{236E6743-E19D-4330-8DF0-D4A7E685349F}.Release|x86.ActiveCfg = Release|x86
		{236E6743-E19D-4330-8DF0-D4A7E685349F}.Release|x86.Build.0 = Release|x86
		{B7CAE5F4-A23F-4438-B5BE-41226618B695}.Debug|Any CPU.ActiveCfg = Debug|Any CPU
		{B7CAE5F4-A23F-4438-B5BE-41226618B695}.Debug|Any CPU.Build.0 = Debug|Any CPU
		{B7CAE5F4-A23F-4438-B5BE-41226618B695}.Debug|Mixed Platforms.ActiveCfg = Debug|x86
		{B7CAE5F4-A23F-4438-B5BE-41226618B695}.Debug|Mixed Platforms.Build.0 = Debug|x86
		{B7CAE5F4-A23F-4438-B5BE-41226618B695}.Debug|Win32.ActiveCfg = Debug|Any CPU
		{B7CAE5F4-A23F-4438-B5BE-41226618B695}.Debug|x64.ActiveCfg = Debug|x86
		{B7CAE5F4-A23F-4438-B5BE-41226618B695}.Debug|x86.ActiveCfg = Debug|x86
		{B7CAE5F4-A23F-4438-B5BE-41226618B695}.Debug|x86.Build.0 = Debug|x86
		{B7CAE5F4-A23F-4438-B5BE-41226618B695}.Release|Any CPU.ActiveCfg = Release|Any CPU
		{B7CAE5F4-A23F-4438-B5BE-41226618B695}.Release|Any CPU.Build.0 = Release|Any CPU
		{B7CAE5F4-A23F-4438-B5BE-41226618B695}.Release|Mixed Platforms.ActiveCfg = Release|Any CPU
		{B7CAE5F4-A23F-4438-B5BE-41226618B695}.Release|Mixed Platforms.Build.0 = Release|Any CPU
		{B7CAE5F4-A23F-4438-B5BE-41226618B695}.Release|Win32.ActiveCfg = Release|Any CPU
		{B7CAE5F4-A23F-4438-B5BE-41226618B695}.Release|x64.ActiveCfg = Release|x86
		{B7CAE5F4-A23F-4438-B5BE-41226618B695}.Release|x86.ActiveCfg = Release|x86
		{B7CAE5F4-A23F-4438-B5BE-41226618B695}.Release|x86.Build.0 = Release|x86
		{06DB8F61-326A-42D9-86A8-7419F6B8EE0A}.Debug|Any CPU.ActiveCfg = Debug|Any CPU
		{06DB8F61-326A-42D9-86A8-7419F6B8EE0A}.Debug|Any CPU.Build.0 = Debug|Any CPU
		{06DB8F61-326A-42D9-86A8-7419F6B8EE0A}.Debug|Mixed Platforms.ActiveCfg = Debug|x86
		{06DB8F61-326A-42D9-86A8-7419F6B8EE0A}.Debug|Mixed Platforms.Build.0 = Debug|x86
		{06DB8F61-326A-42D9-86A8-7419F6B8EE0A}.Debug|Win32.ActiveCfg = Debug|Any CPU
		{06DB8F61-326A-42D9-86A8-7419F6B8EE0A}.Debug|x64.ActiveCfg = Debug|x64
		{06DB8F61-326A-42D9-86A8-7419F6B8EE0A}.Debug|x64.Build.0 = Debug|x64
		{06DB8F61-326A-42D9-86A8-7419F6B8EE0A}.Debug|x86.ActiveCfg = Debug|x86
		{06DB8F61-326A-42D9-86A8-7419F6B8EE0A}.Debug|x86.Build.0 = Debug|x86
		{06DB8F61-326A-42D9-86A8-7419F6B8EE0A}.Release|Any CPU.ActiveCfg = Release|Any CPU
		{06DB8F61-326A-42D9-86A8-7419F6B8EE0A}.Release|Any CPU.Build.0 = Release|Any CPU
		{06DB8F61-326A-42D9-86A8-7419F6B8EE0A}.Release|Mixed Platforms.ActiveCfg = Release|Any CPU
		{06DB8F61-326A-42D9-86A8-7419F6B8EE0A}.Release|Mixed Platforms.Build.0 = Release|Any CPU
		{06DB8F61-326A-42D9-86A8-7419F6B8EE0A}.Release|Win32.ActiveCfg = Release|Any CPU
		{06DB8F61-326A-42D9-86A8-7419F6B8EE0A}.Release|x64.ActiveCfg = Release|x64
		{06DB8F61-326A-42D9-86A8-7419F6B8EE0A}.Release|x64.Build.0 = Release|x64
		{06DB8F61-326A-42D9-86A8-7419F6B8EE0A}.Release|x86.ActiveCfg = Release|x86
		{06DB8F61-326A-42D9-86A8-7419F6B8EE0A}.Release|x86.Build.0 = Release|x86
		{AEC7556A-E997-4B1D-9EB6-3EA4251EE7C1}.Debug|Any CPU.ActiveCfg = Debug|Any CPU
		{AEC7556A-E997-4B1D-9EB6-3EA4251EE7C1}.Debug|Any CPU.Build.0 = Debug|Any CPU
		{AEC7556A-E997-4B1D-9EB6-3EA4251EE7C1}.Debug|Mixed Platforms.ActiveCfg = Debug|x86
		{AEC7556A-E997-4B1D-9EB6-3EA4251EE7C1}.Debug|Mixed Platforms.Build.0 = Debug|x86
		{AEC7556A-E997-4B1D-9EB6-3EA4251EE7C1}.Debug|Win32.ActiveCfg = Debug|Any CPU
		{AEC7556A-E997-4B1D-9EB6-3EA4251EE7C1}.Debug|x64.ActiveCfg = Debug|x86
		{AEC7556A-E997-4B1D-9EB6-3EA4251EE7C1}.Debug|x86.ActiveCfg = Debug|x86
		{AEC7556A-E997-4B1D-9EB6-3EA4251EE7C1}.Debug|x86.Build.0 = Debug|x86
		{AEC7556A-E997-4B1D-9EB6-3EA4251EE7C1}.Release|Any CPU.ActiveCfg = Release|Any CPU
		{AEC7556A-E997-4B1D-9EB6-3EA4251EE7C1}.Release|Any CPU.Build.0 = Release|Any CPU
		{AEC7556A-E997-4B1D-9EB6-3EA4251EE7C1}.Release|Mixed Platforms.ActiveCfg = Release|Any CPU
		{AEC7556A-E997-4B1D-9EB6-3EA4251EE7C1}.Release|Mixed Platforms.Build.0 = Release|Any CPU
		{AEC7556A-E997-4B1D-9EB6-3EA4251EE7C1}.Release|Win32.ActiveCfg = Release|Any CPU
		{AEC7556A-E997-4B1D-9EB6-3EA4251EE7C1}.Release|x64.ActiveCfg = Release|x86
		{AEC7556A-E997-4B1D-9EB6-3EA4251EE7C1}.Release|x86.ActiveCfg = Release|x86
		{AEC7556A-E997-4B1D-9EB6-3EA4251EE7C1}.Release|x86.Build.0 = Release|x86
		{2541686B-1673-43BF-AF89-3163945DB009}.Debug|Any CPU.ActiveCfg = Debug|Any CPU
		{2541686B-1673-43BF-AF89-3163945DB009}.Debug|Any CPU.Build.0 = Debug|Any CPU
		{2541686B-1673-43BF-AF89-3163945DB009}.Debug|Mixed Platforms.ActiveCfg = Debug|x86
		{2541686B-1673-43BF-AF89-3163945DB009}.Debug|Mixed Platforms.Build.0 = Debug|x86
		{2541686B-1673-43BF-AF89-3163945DB009}.Debug|Win32.ActiveCfg = Debug|Any CPU
		{2541686B-1673-43BF-AF89-3163945DB009}.Debug|x64.ActiveCfg = Debug|x86
		{2541686B-1673-43BF-AF89-3163945DB009}.Debug|x86.ActiveCfg = Debug|x86
		{2541686B-1673-43BF-AF89-3163945DB009}.Debug|x86.Build.0 = Debug|x86
		{2541686B-1673-43BF-AF89-3163945DB009}.Release|Any CPU.ActiveCfg = Release|Any CPU
		{2541686B-1673-43BF-AF89-3163945DB009}.Release|Any CPU.Build.0 = Release|Any CPU
		{2541686B-1673-43BF-AF89-3163945DB009}.Release|Mixed Platforms.ActiveCfg = Release|Any CPU
		{2541686B-1673-43BF-AF89-3163945DB009}.Release|Mixed Platforms.Build.0 = Release|Any CPU
		{2541686B-1673-43BF-AF89-3163945DB009}.Release|Win32.ActiveCfg = Release|Any CPU
		{2541686B-1673-43BF-AF89-3163945DB009}.Release|x64.ActiveCfg = Release|x86
		{2541686B-1673-43BF-AF89-3163945DB009}.Release|x86.ActiveCfg = Release|x86
		{2541686B-1673-43BF-AF89-3163945DB009}.Release|x86.Build.0 = Release|x86
		{24F5EA68-3FC3-4B0B-8899-EDCC811061B2}.Debug|Any CPU.ActiveCfg = Debug|Any CPU
		{24F5EA68-3FC3-4B0B-8899-EDCC811061B2}.Debug|Any CPU.Build.0 = Debug|Any CPU
		{24F5EA68-3FC3-4B0B-8899-EDCC811061B2}.Debug|Mixed Platforms.ActiveCfg = Debug|x86
		{24F5EA68-3FC3-4B0B-8899-EDCC811061B2}.Debug|Mixed Platforms.Build.0 = Debug|x86
		{24F5EA68-3FC3-4B0B-8899-EDCC811061B2}.Debug|Win32.ActiveCfg = Debug|x86
		{24F5EA68-3FC3-4B0B-8899-EDCC811061B2}.Debug|x64.ActiveCfg = Debug|x64
		{24F5EA68-3FC3-4B0B-8899-EDCC811061B2}.Debug|x64.Build.0 = Debug|x64
		{24F5EA68-3FC3-4B0B-8899-EDCC811061B2}.Debug|x86.ActiveCfg = Debug|x86
		{24F5EA68-3FC3-4B0B-8899-EDCC811061B2}.Debug|x86.Build.0 = Debug|x86
		{24F5EA68-3FC3-4B0B-8899-EDCC811061B2}.Release|Any CPU.ActiveCfg = Release|x86
		{24F5EA68-3FC3-4B0B-8899-EDCC811061B2}.Release|Mixed Platforms.ActiveCfg = Release|x86
		{24F5EA68-3FC3-4B0B-8899-EDCC811061B2}.Release|Mixed Platforms.Build.0 = Release|x86
		{24F5EA68-3FC3-4B0B-8899-EDCC811061B2}.Release|Win32.ActiveCfg = Release|x86
		{24F5EA68-3FC3-4B0B-8899-EDCC811061B2}.Release|x64.ActiveCfg = Release|x64
		{24F5EA68-3FC3-4B0B-8899-EDCC811061B2}.Release|x64.Build.0 = Release|x64
		{24F5EA68-3FC3-4B0B-8899-EDCC811061B2}.Release|x86.ActiveCfg = Release|x86
		{24F5EA68-3FC3-4B0B-8899-EDCC811061B2}.Release|x86.Build.0 = Release|x86
		{3D21F66C-3299-4DE7-BE71-8B9263E0249B}.Debug|Any CPU.ActiveCfg = Debug|Any CPU
		{3D21F66C-3299-4DE7-BE71-8B9263E0249B}.Debug|Any CPU.Build.0 = Debug|Any CPU
		{3D21F66C-3299-4DE7-BE71-8B9263E0249B}.Debug|Mixed Platforms.ActiveCfg = Debug|x86
		{3D21F66C-3299-4DE7-BE71-8B9263E0249B}.Debug|Mixed Platforms.Build.0 = Debug|x86
		{3D21F66C-3299-4DE7-BE71-8B9263E0249B}.Debug|Win32.ActiveCfg = Debug|x86
		{3D21F66C-3299-4DE7-BE71-8B9263E0249B}.Debug|x64.ActiveCfg = Debug|x86
		{3D21F66C-3299-4DE7-BE71-8B9263E0249B}.Debug|x86.ActiveCfg = Debug|x86
		{3D21F66C-3299-4DE7-BE71-8B9263E0249B}.Debug|x86.Build.0 = Debug|x86
		{3D21F66C-3299-4DE7-BE71-8B9263E0249B}.Release|Any CPU.ActiveCfg = Release|x86
		{3D21F66C-3299-4DE7-BE71-8B9263E0249B}.Release|Mixed Platforms.ActiveCfg = Release|x86
		{3D21F66C-3299-4DE7-BE71-8B9263E0249B}.Release|Mixed Platforms.Build.0 = Release|x86
		{3D21F66C-3299-4DE7-BE71-8B9263E0249B}.Release|Win32.ActiveCfg = Release|x86
		{3D21F66C-3299-4DE7-BE71-8B9263E0249B}.Release|x64.ActiveCfg = Release|x86
		{3D21F66C-3299-4DE7-BE71-8B9263E0249B}.Release|x86.ActiveCfg = Release|x86
		{3D21F66C-3299-4DE7-BE71-8B9263E0249B}.Release|x86.Build.0 = Release|x86
		{3EB85950-E51A-4BA9-90C1-68CE273A1C8B}.Debug|Any CPU.ActiveCfg = Debug|Any CPU
		{3EB85950-E51A-4BA9-90C1-68CE273A1C8B}.Debug|Any CPU.Build.0 = Debug|Any CPU
		{3EB85950-E51A-4BA9-90C1-68CE273A1C8B}.Debug|Mixed Platforms.ActiveCfg = Debug|x86
		{3EB85950-E51A-4BA9-90C1-68CE273A1C8B}.Debug|Mixed Platforms.Build.0 = Debug|x86
		{3EB85950-E51A-4BA9-90C1-68CE273A1C8B}.Debug|Win32.ActiveCfg = Debug|x86
		{3EB85950-E51A-4BA9-90C1-68CE273A1C8B}.Debug|x64.ActiveCfg = Debug|x86
		{3EB85950-E51A-4BA9-90C1-68CE273A1C8B}.Debug|x86.ActiveCfg = Debug|x86
		{3EB85950-E51A-4BA9-90C1-68CE273A1C8B}.Debug|x86.Build.0 = Debug|x86
		{3EB85950-E51A-4BA9-90C1-68CE273A1C8B}.Release|Any CPU.ActiveCfg = Release|x86
		{3EB85950-E51A-4BA9-90C1-68CE273A1C8B}.Release|Mixed Platforms.ActiveCfg = Release|x86
		{3EB85950-E51A-4BA9-90C1-68CE273A1C8B}.Release|Mixed Platforms.Build.0 = Release|x86
		{3EB85950-E51A-4BA9-90C1-68CE273A1C8B}.Release|Win32.ActiveCfg = Release|x86
		{3EB85950-E51A-4BA9-90C1-68CE273A1C8B}.Release|x64.ActiveCfg = Release|x86
		{3EB85950-E51A-4BA9-90C1-68CE273A1C8B}.Release|x86.ActiveCfg = Release|x86
		{3EB85950-E51A-4BA9-90C1-68CE273A1C8B}.Release|x86.Build.0 = Release|x86
		{B28BF270-E697-4C1E-97A1-A90594EF9D65}.Debug|Any CPU.ActiveCfg = Debug|Any CPU
		{B28BF270-E697-4C1E-97A1-A90594EF9D65}.Debug|Any CPU.Build.0 = Debug|Any CPU
		{B28BF270-E697-4C1E-97A1-A90594EF9D65}.Debug|Mixed Platforms.ActiveCfg = Debug|x86
		{B28BF270-E697-4C1E-97A1-A90594EF9D65}.Debug|Mixed Platforms.Build.0 = Debug|x86
		{B28BF270-E697-4C1E-97A1-A90594EF9D65}.Debug|Win32.ActiveCfg = Debug|x86
		{B28BF270-E697-4C1E-97A1-A90594EF9D65}.Debug|x64.ActiveCfg = Debug|x86
		{B28BF270-E697-4C1E-97A1-A90594EF9D65}.Debug|x86.ActiveCfg = Debug|x86
		{B28BF270-E697-4C1E-97A1-A90594EF9D65}.Debug|x86.Build.0 = Debug|x86
		{B28BF270-E697-4C1E-97A1-A90594EF9D65}.Release|Any CPU.ActiveCfg = Release|x86
		{B28BF270-E697-4C1E-97A1-A90594EF9D65}.Release|Mixed Platforms.ActiveCfg = Release|x86
		{B28BF270-E697-4C1E-97A1-A90594EF9D65}.Release|Mixed Platforms.Build.0 = Release|x86
		{B28BF270-E697-4C1E-97A1-A90594EF9D65}.Release|Win32.ActiveCfg = Release|x86
		{B28BF270-E697-4C1E-97A1-A90594EF9D65}.Release|x64.ActiveCfg = Release|x86
		{B28BF270-E697-4C1E-97A1-A90594EF9D65}.Release|x86.ActiveCfg = Release|x86
		{B28BF270-E697-4C1E-97A1-A90594EF9D65}.Release|x86.Build.0 = Release|x86
		{CFFB1999-C90B-47C8-8F44-E6AA92DFE54C}.Debug|Any CPU.ActiveCfg = Debug|Any CPU
		{CFFB1999-C90B-47C8-8F44-E6AA92DFE54C}.Debug|Any CPU.Build.0 = Debug|Any CPU
		{CFFB1999-C90B-47C8-8F44-E6AA92DFE54C}.Debug|Mixed Platforms.ActiveCfg = Debug|Any CPU
		{CFFB1999-C90B-47C8-8F44-E6AA92DFE54C}.Debug|Mixed Platforms.Build.0 = Debug|Any CPU
		{CFFB1999-C90B-47C8-8F44-E6AA92DFE54C}.Debug|Win32.ActiveCfg = Debug|Any CPU
		{CFFB1999-C90B-47C8-8F44-E6AA92DFE54C}.Debug|x64.ActiveCfg = Debug|x64
		{CFFB1999-C90B-47C8-8F44-E6AA92DFE54C}.Debug|x64.Build.0 = Debug|x64
		{CFFB1999-C90B-47C8-8F44-E6AA92DFE54C}.Debug|x86.ActiveCfg = Debug|x86
		{CFFB1999-C90B-47C8-8F44-E6AA92DFE54C}.Debug|x86.Build.0 = Debug|x86
		{CFFB1999-C90B-47C8-8F44-E6AA92DFE54C}.Release|Any CPU.ActiveCfg = Release|Any CPU
		{CFFB1999-C90B-47C8-8F44-E6AA92DFE54C}.Release|Any CPU.Build.0 = Release|Any CPU
		{CFFB1999-C90B-47C8-8F44-E6AA92DFE54C}.Release|Mixed Platforms.ActiveCfg = Release|Any CPU
		{CFFB1999-C90B-47C8-8F44-E6AA92DFE54C}.Release|Mixed Platforms.Build.0 = Release|Any CPU
		{CFFB1999-C90B-47C8-8F44-E6AA92DFE54C}.Release|Win32.ActiveCfg = Release|Any CPU
		{CFFB1999-C90B-47C8-8F44-E6AA92DFE54C}.Release|x64.ActiveCfg = Release|x64
		{CFFB1999-C90B-47C8-8F44-E6AA92DFE54C}.Release|x64.Build.0 = Release|x64
		{CFFB1999-C90B-47C8-8F44-E6AA92DFE54C}.Release|x86.ActiveCfg = Release|x86
		{CFFB1999-C90B-47C8-8F44-E6AA92DFE54C}.Release|x86.Build.0 = Release|x86
		{F0F93024-286B-49ED-956E-08A603AF1CB4}.Debug|Any CPU.ActiveCfg = Debug|Any CPU
		{F0F93024-286B-49ED-956E-08A603AF1CB4}.Debug|Any CPU.Build.0 = Debug|Any CPU
		{F0F93024-286B-49ED-956E-08A603AF1CB4}.Debug|Mixed Platforms.ActiveCfg = Debug|Any CPU
		{F0F93024-286B-49ED-956E-08A603AF1CB4}.Debug|Mixed Platforms.Build.0 = Debug|Any CPU
		{F0F93024-286B-49ED-956E-08A603AF1CB4}.Debug|Win32.ActiveCfg = Debug|Any CPU
		{F0F93024-286B-49ED-956E-08A603AF1CB4}.Debug|x64.ActiveCfg = Debug|Any CPU
		{F0F93024-286B-49ED-956E-08A603AF1CB4}.Debug|x86.ActiveCfg = Debug|x86
		{F0F93024-286B-49ED-956E-08A603AF1CB4}.Debug|x86.Build.0 = Debug|x86
		{F0F93024-286B-49ED-956E-08A603AF1CB4}.Release|Any CPU.ActiveCfg = Release|Any CPU
		{F0F93024-286B-49ED-956E-08A603AF1CB4}.Release|Any CPU.Build.0 = Release|Any CPU
		{F0F93024-286B-49ED-956E-08A603AF1CB4}.Release|Mixed Platforms.ActiveCfg = Release|Any CPU
		{F0F93024-286B-49ED-956E-08A603AF1CB4}.Release|Mixed Platforms.Build.0 = Release|Any CPU
		{F0F93024-286B-49ED-956E-08A603AF1CB4}.Release|Win32.ActiveCfg = Release|Any CPU
		{F0F93024-286B-49ED-956E-08A603AF1CB4}.Release|x64.ActiveCfg = Release|Any CPU
		{F0F93024-286B-49ED-956E-08A603AF1CB4}.Release|x86.ActiveCfg = Release|Any CPU
	EndGlobalSection
	GlobalSection(SolutionProperties) = preSolution
		HideSolutionNode = FALSE
	EndGlobalSection
	GlobalSection(NestedProjects) = preSolution
		{236E6743-E19D-4330-8DF0-D4A7E685349F} = {6F07D44B-DD74-488E-924B-821AA513BB0D}
		{B7CAE5F4-A23F-4438-B5BE-41226618B695} = {6F07D44B-DD74-488E-924B-821AA513BB0D}
		{06DB8F61-326A-42D9-86A8-7419F6B8EE0A} = {6F07D44B-DD74-488E-924B-821AA513BB0D}
		{AEC7556A-E997-4B1D-9EB6-3EA4251EE7C1} = {6F07D44B-DD74-488E-924B-821AA513BB0D}
		{2541686B-1673-43BF-AF89-3163945DB009} = {6F07D44B-DD74-488E-924B-821AA513BB0D}
		{24F5EA68-3FC3-4B0B-8899-EDCC811061B2} = {C158B969-C23A-4B3A-9FED-165981F6B00E}
		{3D21F66C-3299-4DE7-BE71-8B9263E0249B} = {C158B969-C23A-4B3A-9FED-165981F6B00E}
		{3EB85950-E51A-4BA9-90C1-68CE273A1C8B} = {C158B969-C23A-4B3A-9FED-165981F6B00E}
		{B28BF270-E697-4C1E-97A1-A90594EF9D65} = {C158B969-C23A-4B3A-9FED-165981F6B00E}
		{CFFB1999-C90B-47C8-8F44-E6AA92DFE54C} = {C158B969-C23A-4B3A-9FED-165981F6B00E}
		{F0F93024-286B-49ED-956E-08A603AF1CB4} = {A06B8F25-6295-4F93-AAF0-2A860719C675}
	EndGlobalSection
	GlobalSection(ExtensibilityGlobals) = postSolution
		SolutionGuid = {1A8CDDEA-CCDC-4222-B272-2B2071F84549}
	EndGlobalSection
	GlobalSection(TestCaseManagementSettings) = postSolution
		CategoryFile = RIPP.vsmdi
	EndGlobalSection
EndGlobal
